
Microsoft Visual Studio Solution File, Format Version 12.00
# Visual Studio Version 17
VisualStudioVersion = 17.10.34928.147
MinimumVisualStudioVersion = 10.0.40219.1
Project("{FAE04EC0-301F-11D3-BF4B-00C04F79EFBC}") = "Pikda.Win", "Pikda.Win\Pikda.Win.csproj", "{226A985C-E79B-4038-B501-2993A3DB4DC6}"
EndProject
Global
	GlobalSection(SolutionConfigurationPlatforms) = preSolution
		Debug|Any CPU = Debug|Any CPU
		Release|Any CPU = Release|Any CPU
	EndGlobalSection
	GlobalSection(ProjectConfigurationPlatforms) = postSolution
		{226A985C-E79B-4038-B501-2993A3DB4DC6}.Debug|Any CPU.ActiveCfg = Debug|Any CPU
		{226A985C-E79B-4038-B501-2993A3DB4DC6}.Debug|Any CPU.Build.0 = Debug|Any CPU
		{226A985C-E79B-4038-B501-2993A3DB4DC6}.Release|Any CPU.ActiveCfg = Release|Any CPU
		{226A985C-E79B-4038-B501-2993A3DB4DC6}.Release|Any CPU.Build.0 = Release|Any CPU
	EndGlobalSection
	GlobalSection(SolutionProperties) = preSolution
		HideSolutionNode = FALSE
	EndGlobalSection
	GlobalSection(ExtensibilityGlobals) = postSolution
		SolutionGuid = {33AEC073-82CD-4F46-954C-03AE098B380E}
	EndGlobalSection
EndGlobal
